PODS:
  - Alamofire (4.8.2)
  - SwiftyJSON (4.3.0)

DEPENDENCIES:
  - Alamofire (~> 4.7)
  - SwiftyJSON (~> 4.0)

SPEC REPOS:
  https://github.com/CocoaPods/Specs.git:
    - Alamofire
    - SwiftyJSON

SPEC CHECKSUMS:
  Alamofire: ae5c501addb7afdbb13687d7f2f722c78734c2d3
  SwiftyJSON: 6faa0040f8b59dead0ee07436cbf76b73c08fd08

PODFILE CHECKSUM: f4bdbb0396d090130b8147852705106d79420448

COCOAPODS: 1.5.0
