// !$*UTF8*$!
{
	archiveVersion = 1;
	classes = {
	};
	objectVersion = 50;
	objects = {

/* Begin PBXBuildFile section */
		4D2FDA1C2093972300D97744 /* AppDelegate.swift in Sources */ = {isa = PBXBuildFile; fileRef = 4D2FDA1B2093972300D97744 /* AppDelegate.swift */; };
		4D2FDA1E2093972300D97744 /* AlarmClockVC.swift in Sources */ = {isa = PBXBuildFile; fileRef = 4D2FDA1D2093972300D97744 /* AlarmClockVC.swift */; };
		4D2FDA212093972300D97744 /* Main.storyboard in Resources */ = {isa = PBXBuildFile; fileRef = 4D2FDA1F2093972300D97744 /* Main.storyboard */; };
		4D2FDA232093972500D97744 /* Assets.xcassets in Resources */ = {isa = PBXBuildFile; fileRef = 4D2FDA222093972500D97744 /* Assets.xcassets */; };
		4D2FDA262093972500D97744 /* LaunchScreen.storyboard in Resources */ = {isa = PBXBuildFile; fileRef = 4D2FDA242093972500D97744 /* LaunchScreen.storyboard */; };
		4D2FDA2E20939A2900D97744 /* SettingsVC.swift in Sources */ = {isa = PBXBuildFile; fileRef = 4D2FDA2D20939A2900D97744 /* SettingsVC.swift */; };
		7976ED82209C08AC002629E6 /* AlarmListVC.swift in Sources */ = {isa = PBXBuildFile; fileRef = 7976ED81209C08AC002629E6 /* AlarmListVC.swift */; };
		79B5B5A02094B479009DD358 /* AudioService.swift in Sources */ = {isa = PBXBuildFile; fileRef = 79B5B59F2094B479009DD358 /* AudioService.swift */; };
		79B5B5C32098C3C7009DD358 /* audioFiles in Resources */ = {isa = PBXBuildFile; fileRef = 79B5B5C22098C3C7009DD358 /* audioFiles */; };
		B298E3EB145BD60DB6FDED4D /* Pods_alarm_clock.framework in Frameworks */ = {isa = PBXBuildFile; fileRef = A1E7322499CB7025AC70DD88 /* Pods_alarm_clock.framework */; };
/* End PBXBuildFile section */

/* Begin PBXFileReference section */
		4D2FDA182093972300D97744 /* alarm-clock.app */ = {isa = PBXFileReference; explicitFileType = wrapper.application; includeInIndex = 0; path = "alarm-clock.app"; sourceTree = BUILT_PRODUCTS_DIR; };
		4D2FDA1B2093972300D97744 /* AppDelegate.swift */ = {isa = PBXFileReference; lastKnownFileType = sourcecode.swift; path = AppDelegate.swift; sourceTree = "<group>"; };
		4D2FDA1D2093972300D97744 /* AlarmClockVC.swift */ = {isa = PBXFileReference; lastKnownFileType = sourcecode.swift; path = AlarmClockVC.swift; sourceTree = "<group>"; };
		4D2FDA202093972300D97744 /* Base */ = {isa = PBXFileReference; lastKnownFileType = file.storyboard; name = Base; path = Base.lproj/Main.storyboard; sourceTree = "<group>"; };
		4D2FDA222093972500D97744 /* Assets.xcassets */ = {isa = PBXFileReference; lastKnownFileType = folder.assetcatalog; path = Assets.xcassets; sourceTree = "<group>"; };
		4D2FDA252093972500D97744 /* Base */ = {isa = PBXFileReference; lastKnownFileType = file.storyboard; name = Base; path = Base.lproj/LaunchScreen.storyboard; sourceTree = "<group>"; };
		4D2FDA272093972500D97744 /* Info.plist */ = {isa = PBXFileReference; lastKnownFileType = text.plist.xml; path = Info.plist; sourceTree = "<group>"; };
		4D2FDA2D20939A2900D97744 /* SettingsVC.swift */ = {isa = PBXFileReference; lastKnownFileType = sourcecode.swift; path = SettingsVC.swift; sourceTree = "<group>"; };
		7976ED81209C08AC002629E6 /* AlarmListVC.swift */ = {isa = PBXFileReference; lastKnownFileType = sourcecode.swift; path = AlarmListVC.swift; sourceTree = "<group>"; };
		79B5B59F2094B479009DD358 /* AudioService.swift */ = {isa = PBXFileReference; lastKnownFileType = sourcecode.swift; path = AudioService.swift; sourceTree = "<group>"; };
		79B5B5C22098C3C7009DD358 /* audioFiles */ = {isa = PBXFileReference; lastKnownFileType = folder; path = audioFiles; sourceTree = "<group>"; };
		984AA7D2C7BDE0086B0E72AA /* Pods-alarm-clock.debug.xcconfig */ = {isa = PBXFileReference; includeInIndex = 1; lastKnownFileType = text.xcconfig; name = "Pods-alarm-clock.debug.xcconfig"; path = "Pods/Target Support Files/Pods-alarm-clock/Pods-alarm-clock.debug.xcconfig"; sourceTree = "<group>"; };
		A1E7322499CB7025AC70DD88 /* Pods_alarm_clock.framework */ = {isa = PBXFileReference; explicitFileType = wrapper.framework; includeInIndex = 0; path = Pods_alarm_clock.framework; sourceTree = BUILT_PRODUCTS_DIR; };
		F802BDC79A55FFE2069A8809 /* Pods-alarm-clock.release.xcconfig */ = {isa = PBXFileReference; includeInIndex = 1; lastKnownFileType = text.xcconfig; name = "Pods-alarm-clock.release.xcconfig"; path = "Pods/Target Support Files/Pods-alarm-clock/Pods-alarm-clock.release.xcconfig"; sourceTree = "<group>"; };
/* End PBXFileReference section */

/* Begin PBXFrameworksBuildPhase section */
		4D2FDA152093972300D97744 /* Frameworks */ = {
			isa = PBXFrameworksBuildPhase;
			buildActionMask = 2147483647;
			files = (
				B298E3EB145BD60DB6FDED4D /* Pods_alarm_clock.framework in Frameworks */,
			);
			runOnlyForDeploymentPostprocessing = 0;
		};
/* End PBXFrameworksBuildPhase section */

/* Begin PBXGroup section */
		3E22704E4A1D57B8A008D030 /* Frameworks */ = {
			isa = PBXGroup;
			children = (
				A1E7322499CB7025AC70DD88 /* Pods_alarm_clock.framework */,
			);
			name = Frameworks;
			sourceTree = "<group>";
		};
		4D2FDA0F2093972300D97744 = {
			isa = PBXGroup;
			children = (
				4D2FDA1A2093972300D97744 /* alarm-clock */,
				4D2FDA192093972300D97744 /* Products */,
				9E80CA4FF18CF07D9067EFD3 /* Pods */,
				3E22704E4A1D57B8A008D030 /* Frameworks */,
			);
			sourceTree = "<group>";
		};
		4D2FDA192093972300D97744 /* Products */ = {
			isa = PBXGroup;
			children = (
				4D2FDA182093972300D97744 /* alarm-clock.app */,
			);
			name = Products;
			sourceTree = "<group>";
		};
		4D2FDA1A2093972300D97744 /* alarm-clock */ = {
			isa = PBXGroup;
			children = (
				79B5B5C22098C3C7009DD358 /* audioFiles */,
				79B5B59C2094B44C009DD358 /* Services */,
				4D2FDA2F20939A6300D97744 /* Controller */,
				4D2FDA1B2093972300D97744 /* AppDelegate.swift */,
				4D2FDA1F2093972300D97744 /* Main.storyboard */,
				4D2FDA222093972500D97744 /* Assets.xcassets */,
				4D2FDA242093972500D97744 /* LaunchScreen.storyboard */,
				4D2FDA272093972500D97744 /* Info.plist */,
			);
			path = "alarm-clock";
			sourceTree = "<group>";
		};
		4D2FDA2F20939A6300D97744 /* Controller */ = {
			isa = PBXGroup;
			children = (
				4D2FDA2D20939A2900D97744 /* SettingsVC.swift */,
				4D2FDA1D2093972300D97744 /* AlarmClockVC.swift */,
				7976ED81209C08AC002629E6 /* AlarmListVC.swift */,
			);
			path = Controller;
			sourceTree = "<group>";
		};
		79B5B59C2094B44C009DD358 /* Services */ = {
			isa = PBXGroup;
			children = (
				79B5B59F2094B479009DD358 /* AudioService.swift */,
			);
			path = Services;
			sourceTree = "<group>";
		};
		9E80CA4FF18CF07D9067EFD3 /* Pods */ = {
			isa = PBXGroup;
			children = (
				984AA7D2C7BDE0086B0E72AA /* Pods-alarm-clock.debug.xcconfig */,
				F802BDC79A55FFE2069A8809 /* Pods-alarm-clock.release.xcconfig */,
			);
			name = Pods;
			sourceTree = "<group>";
		};
/* End PBXGroup section */

/* Begin PBXNativeTarget section */
		4D2FDA172093972300D97744 /* alarm-clock */ = {
			isa = PBXNativeTarget;
			buildConfigurationList = 4D2FDA2A2093972500D97744 /* Build configuration list for PBXNativeTarget "alarm-clock" */;
			buildPhases = (
				FF099667F30A0D672EE32F0B /* [CP] Check Pods Manifest.lock */,
				4D2FDA142093972300D97744 /* Sources */,
				4D2FDA152093972300D97744 /* Frameworks */,
				4D2FDA162093972300D97744 /* Resources */,
				8553CC2F7C5B337CFDE1001A /* [CP] Embed Pods Frameworks */,
			);
			buildRules = (
			);
			dependencies = (
			);
			name = "alarm-clock";
			productName = "alarm-clock";
			productReference = 4D2FDA182093972300D97744 /* alarm-clock.app */;
			productType = "com.apple.product-type.application";
		};
/* End PBXNativeTarget section */

/* Begin PBXProject section */
		4D2FDA102093972300D97744 /* Project object */ = {
			isa = PBXProject;
			attributes = {
				LastSwiftUpdateCheck = 0930;
				LastUpgradeCheck = 0930;
				ORGANIZATIONNAME = "Rick Pearce";
				TargetAttributes = {
					4D2FDA172093972300D97744 = {
						CreatedOnToolsVersion = 9.3;
						LastSwiftMigration = 1020;
					};
				};
			};
			buildConfigurationList = 4D2FDA132093972300D97744 /* Build configuration list for PBXProject "alarm-clock" */;
			compatibilityVersion = "Xcode 9.3";
			developmentRegion = en;
			hasScannedForEncodings = 0;
			knownRegions = (
				en,
				Base,
			);
			mainGroup = 4D2FDA0F2093972300D97744;
			productRefGroup = 4D2FDA192093972300D97744 /* Products */;
			projectDirPath = "";
			projectRoot = "";
			targets = (
				4D2FDA172093972300D97744 /* alarm-clock */,
			);
		};
/* End PBXProject section */

/* Begin PBXResourcesBuildPhase section */
		4D2FDA162093972300D97744 /* Resources */ = {
			isa = PBXResourcesBuildPhase;
			buildActionMask = 2147483647;
			files = (
				4D2FDA262093972500D97744 /* LaunchScreen.storyboard in Resources */,
				79B5B5C32098C3C7009DD358 /* audioFiles in Resources */,
				4D2FDA232093972500D97744 /* Assets.xcassets in Resources */,
				4D2FDA212093972300D97744 /* Main.storyboard in Resources */,
			);
			runOnlyForDeploymentPostprocessing = 0;
		};
/* End PBXResourcesBuildPhase section */

/* Begin PBXShellScriptBuildPhase section */
		8553CC2F7C5B337CFDE1001A /* [CP] Embed Pods Frameworks */ = {
			isa = PBXShellScriptBuildPhase;
			buildActionMask = 2147483647;
			files = (
			);
			inputPaths = (
				"${SRCROOT}/Pods/Target Support Files/Pods-alarm-clock/Pods-alarm-clock-frameworks.sh",
				"${BUILT_PRODUCTS_DIR}/Alamofire/Alamofire.framework",
				"${BUILT_PRODUCTS_DIR}/SwiftyJSON/SwiftyJSON.framework",
			);
			name = "[CP] Embed Pods Frameworks";
			outputPaths = (
				"${TARGET_BUILD_DIR}/${FRAMEWORKS_FOLDER_PATH}/Alamofire.framework",
				"${TARGET_BUILD_DIR}/${FRAMEWORKS_FOLDER_PATH}/SwiftyJSON.framework",
			);
			runOnlyForDeploymentPostprocessing = 0;
			shellPath = /bin/sh;
			shellScript = "\"${SRCROOT}/Pods/Target Support Files/Pods-alarm-clock/Pods-alarm-clock-frameworks.sh\"\n";
			showEnvVarsInLog = 0;
		};
		FF099667F30A0D672EE32F0B /* [CP] Check Pods Manifest.lock */ = {
			isa = PBXShellScriptBuildPhase;
			buildActionMask = 2147483647;
			files = (
			);
			inputPaths = (
				"${PODS_PODFILE_DIR_PATH}/Podfile.lock",
				"${PODS_ROOT}/Manifest.lock",
			);
			name = "[CP] Check Pods Manifest.lock";
			outputPaths = (
				"$(DERIVED_FILE_DIR)/Pods-alarm-clock-checkManifestLockResult.txt",
			);
			runOnlyForDeploymentPostprocessing = 0;
			shellPath = /bin/sh;
			shellScript = "diff \"${PODS_PODFILE_DIR_PATH}/Podfile.lock\" \"${PODS_ROOT}/Manifest.lock\" > /dev/null\nif [ $? != 0 ] ; then\n    # print error to STDERR\n    echo \"error: The sandbox is not in sync with the Podfile.lock. Run 'pod install' or update your CocoaPods installation.\" >&2\n    exit 1\nfi\n# This output is used by Xcode 'outputs' to avoid re-running this script phase.\necho \"SUCCESS\" > \"${SCRIPT_OUTPUT_FILE_0}\"\n";
			showEnvVarsInLog = 0;
		};
/* End PBXShellScriptBuildPhase section */

/* Begin PBXSourcesBuildPhase section */
		4D2FDA142093972300D97744 /* Sources */ = {
			isa = PBXSourcesBuildPhase;
			buildActionMask = 2147483647;
			files = (
				7976ED82209C08AC002629E6 /* AlarmListVC.swift in Sources */,
				79B5B5A02094B479009DD358 /* AudioService.swift in Sources */,
				4D2FDA1E2093972300D97744 /* AlarmClockVC.swift in Sources */,
				4D2FDA1C2093972300D97744 /* AppDelegate.swift in Sources */,
				4D2FDA2E20939A2900D97744 /* SettingsVC.swift in Sources */,
			);
			runOnlyForDeploymentPostprocessing = 0;
		};
/* End PBXSourcesBuildPhase section */

/* Begin PBXVariantGroup section */
		4D2FDA1F2093972300D97744 /* Main.storyboard */ = {
			isa = PBXVariantGroup;
			children = (
				4D2FDA202093972300D97744 /* Base */,
			);
			name = Main.storyboard;
			sourceTree = "<group>";
		};
		4D2FDA242093972500D97744 /* LaunchScreen.storyboard */ = {
			isa = PBXVariantGroup;
			children = (
				4D2FDA252093972500D97744 /* Base */,
			);
			name = LaunchScreen.storyboard;
			sourceTree = "<group>";
		};
/* End PBXVariantGroup section */

/* Begin XCBuildConfiguration section */
		4D2FDA282093972500D97744 /* Debug */ = {
			isa = XCBuildConfiguration;
			buildSettings = {
				ALWAYS_SEARCH_USER_PATHS = NO;
				CLANG_ANALYZER_NONNULL = YES;
				CLANG_ANALYZER_NUMBER_OBJECT_CONVERSION = YES_AGGRESSIVE;
				CLANG_CXX_LANGUAGE_STANDARD = "gnu++14";
				CLANG_CXX_LIBRARY = "libc++";
				CLANG_ENABLE_MODULES = YES;
				CLANG_ENABLE_OBJC_ARC = YES;
				CLANG_ENABLE_OBJC_WEAK = YES;
				CLANG_WARN_BLOCK_CAPTURE_AUTORELEASING = YES;
				CLANG_WARN_BOOL_CONVERSION = YES;
				CLANG_WARN_COMMA = YES;
				CLANG_WARN_CONSTANT_CONVERSION = YES;
				CLANG_WARN_DEPRECATED_OBJC_IMPLEMENTATIONS = YES;
				CLANG_WARN_DIRECT_OBJC_ISA_USAGE = YES_ERROR;
				CLANG_WARN_DOCUMENTATION_COMMENTS = YES;
				CLANG_WARN_EMPTY_BODY = YES;
				CLANG_WARN_ENUM_CONVERSION = YES;
				CLANG_WARN_INFINITE_RECURSION = YES;
				CLANG_WARN_INT_CONVERSION = YES;
				CLANG_WARN_NON_LITERAL_NULL_CONVERSION = YES;
				CLANG_WARN_OBJC_IMPLICIT_RETAIN_SELF = YES;
				CLANG_WARN_OBJC_LITERAL_CONVERSION = YES;
				CLANG_WARN_OBJC_ROOT_CLASS = YES_ERROR;
				CLANG_WARN_RANGE_LOOP_ANALYSIS = YES;
				CLANG_WARN_STRICT_PROTOTYPES = YES;
				CLANG_WARN_SUSPICIOUS_MOVE = YES;
				CLANG_WARN_UNGUARDED_AVAILABILITY = YES_AGGRESSIVE;
				CLANG_WARN_UNREACHABLE_CODE = YES;
				CLANG_WARN__DUPLICATE_METHOD_MATCH = YES;
				CODE_SIGN_IDENTITY = "iPhone Developer";
				COPY_PHASE_STRIP = NO;
				DEBUG_INFORMATION_FORMAT = dwarf;
				ENABLE_STRICT_OBJC_MSGSEND = YES;
				ENABLE_TESTABILITY = YES;
				GCC_C_LANGUAGE_STANDARD = gnu11;
				GCC_DYNAMIC_NO_PIC = NO;
				GCC_NO_COMMON_BLOCKS = YES;
				GCC_OPTIMIZATION_LEVEL = 0;
				GCC_PREPROCESSOR_DEFINITIONS = (
					"DEBUG=1",
					"$(inherited)",
				);
				GCC_WARN_64_TO_32_BIT_CONVERSION = YES;
				GCC_WARN_ABOUT_RETURN_TYPE = YES_ERROR;
				GCC_WARN_UNDECLARED_SELECTOR = YES;
				GCC_WARN_UNINITIALIZED_AUTOS = YES_AGGRESSIVE;
				GCC_WARN_UNUSED_FUNCTION = YES;
				GCC_WARN_UNUSED_VARIABLE = YES;
				IPHONEOS_DEPLOYMENT_TARGET = 11.3;
				MTL_ENABLE_DEBUG_INFO = YES;
				ONLY_ACTIVE_ARCH = YES;
				SDKROOT = iphoneos;
				SWIFT_ACTIVE_COMPILATION_CONDITIONS = DEBUG;
				SWIFT_OPTIMIZATION_LEVEL = "-Onone";
			};
			name = Debug;
		};
		4D2FDA292093972500D97744 /* Release */ = {
			isa = XCBuildConfiguration;
			buildSettings = {
				ALWAYS_SEARCH_USER_PATHS = NO;
				CLANG_ANALYZER_NONNULL = YES;
				CLANG_ANALYZER_NUMBER_OBJECT_CONVERSION = YES_AGGRESSIVE;
				CLANG_CXX_LANGUAGE_STANDARD = "gnu++14";
				CLANG_CXX_LIBRARY = "libc++";
				CLANG_ENABLE_MODULES = YES;
				CLANG_ENABLE_OBJC_ARC = YES;
				CLANG_ENABLE_OBJC_WEAK = YES;
				CLANG_WARN_BLOCK_CAPTURE_AUTORELEASING = YES;
				CLANG_WARN_BOOL_CONVERSION = YES;
				CLANG_WARN_COMMA = YES;
				CLANG_WARN_CONSTANT_CONVERSION = YES;
				CLANG_WARN_DEPRECATED_OBJC_IMPLEMENTATIONS = YES;
				CLANG_WARN_DIRECT_OBJC_ISA_USAGE = YES_ERROR;
				CLANG_WARN_DOCUMENTATION_COMMENTS = YES;
				CLANG_WARN_EMPTY_BODY = YES;
				CLANG_WARN_ENUM_CONVERSION = YES;
				CLANG_WARN_INFINITE_RECURSION = YES;
				CLANG_WARN_INT_CONVERSION = YES;
				CLANG_WARN_NON_LITERAL_NULL_CONVERSION = YES;
				CLANG_WARN_OBJC_IMPLICIT_RETAIN_SELF = YES;
				CLANG_WARN_OBJC_LITERAL_CONVERSION = YES;
				CLANG_WARN_OBJC_ROOT_CLASS = YES_ERROR;
				CLANG_WARN_RANGE_LOOP_ANALYSIS = YES;
				CLANG_WARN_STRICT_PROTOTYPES = YES;
				CLANG_WARN_SUSPICIOUS_MOVE = YES;
				CLANG_WARN_UNGUARDED_AVAILABILITY = YES_AGGRESSIVE;
				CLANG_WARN_UNREACHABLE_CODE = YES;
				CLANG_WARN__DUPLICATE_METHOD_MATCH = YES;
				CODE_SIGN_IDENTITY = "iPhone Developer";
				COPY_PHASE_STRIP = NO;
				DEBUG_INFORMATION_FORMAT = "dwarf-with-dsym";
				ENABLE_NS_ASSERTIONS = NO;
				ENABLE_STRICT_OBJC_MSGSEND = YES;
				GCC_C_LANGUAGE_STANDARD = gnu11;
				GCC_NO_COMMON_BLOCKS = YES;
				GCC_WARN_64_TO_32_BIT_CONVERSION = YES;
				GCC_WARN_ABOUT_RETURN_TYPE = YES_ERROR;
				GCC_WARN_UNDECLARED_SELECTOR = YES;
				GCC_WARN_UNINITIALIZED_AUTOS = YES_AGGRESSIVE;
				GCC_WARN_UNUSED_FUNCTION = YES;
				GCC_WARN_UNUSED_VARIABLE = YES;
				IPHONEOS_DEPLOYMENT_TARGET = 11.3;
				MTL_ENABLE_DEBUG_INFO = NO;
				SDKROOT = iphoneos;
				SWIFT_COMPILATION_MODE = wholemodule;
				SWIFT_OPTIMIZATION_LEVEL = "-O";
				VALIDATE_PRODUCT = YES;
			};
			name = Release;
		};
		4D2FDA2B2093972500D97744 /* Debug */ = {
			isa = XCBuildConfiguration;
			baseConfigurationReference = 984AA7D2C7BDE0086B0E72AA /* Pods-alarm-clock.debug.xcconfig */;
			buildSettings = {
				ASSETCATALOG_COMPILER_APPICON_NAME = AppIcon;
				CODE_SIGN_STYLE = Automatic;
				DEVELOPMENT_TEAM = D9R62VXR3G;
				INFOPLIST_FILE = "alarm-clock/Info.plist";
				LD_RUNPATH_SEARCH_PATHS = (
					"$(inherited)",
					"@executable_path/Frameworks",
				);
				PRODUCT_BUNDLE_IDENTIFIER = "com.pearce.alarm-clock";
				PRODUCT_NAME = "$(TARGET_NAME)";
				SWIFT_VERSION = 5.0;
				TARGETED_DEVICE_FAMILY = "1,2";
			};
			name = Debug;
		};
		4D2FDA2C2093972500D97744 /* Release */ = {
			isa = XCBuildConfiguration;
			baseConfigurationReference = F802BDC79A55FFE2069A8809 /* Pods-alarm-clock.release.xcconfig */;
			buildSettings = {
				ASSETCATALOG_COMPILER_APPICON_NAME = AppIcon;
				CODE_SIGN_STYLE = Automatic;
				DEVELOPMENT_TEAM = D9R62VXR3G;
				INFOPLIST_FILE = "alarm-clock/Info.plist";
				LD_RUNPATH_SEARCH_PATHS = (
					"$(inherited)",
					"@executable_path/Frameworks",
				);
				PRODUCT_BUNDLE_IDENTIFIER = "com.pearce.alarm-clock";
				PRODUCT_NAME = "$(TARGET_NAME)";
				SWIFT_VERSION = 5.0;
				TARGETED_DEVICE_FAMILY = "1,2";
			};
			name = Release;
		};
/* End XCBuildConfiguration section */

/* Begin XCConfigurationList section */
		4D2FDA132093972300D97744 /* Build configuration list for PBXProject "alarm-clock" */ = {
			isa = XCConfigurationList;
			buildConfigurations = (
				4D2FDA282093972500D97744 /* Debug */,
				4D2FDA292093972500D97744 /* Release */,
			);
			defaultConfigurationIsVisible = 0;
			defaultConfigurationName = Release;
		};
		4D2FDA2A2093972500D97744 /* Build configuration list for PBXNativeTarget "alarm-clock" */ = {
			isa = XCConfigurationList;
			buildConfigurations = (
				4D2FDA2B2093972500D97744 /* Debug */,
				4D2FDA2C2093972500D97744 /* Release */,
			);
			defaultConfigurationIsVisible = 0;
			defaultConfigurationName = Release;
		};
/* End XCConfigurationList section */
	};
	rootObject = 4D2FDA102093972300D97744 /* Project object */;
}
